{
    "_readme": [
        "This file locks the dependencies of your project to a known state",
        "Read more about it at http://getcomposer.org/doc/01-basic-usage.md#composer-lock-the-lock-file",
        "This file is @generated automatically"
    ],
    "hash": "9552278581a035a229769cf984b21cb1",
    "packages": [
        {
            "name": "guzzle/guzzle",
            "version": "v3.8.1",
            "source": {
                "type": "git",
                "url": "https://github.com/guzzle/guzzle.git",
                "reference": "4de0618a01b34aa1c8c33a3f13f396dcd3882eba"
            },
            "dist": {
                "type": "zip",
                "url": "https://api.github.com/repos/guzzle/guzzle/zipball/4de0618a01b34aa1c8c33a3f13f396dcd3882eba",
                "reference": "4de0618a01b34aa1c8c33a3f13f396dcd3882eba",
                "shasum": ""
            },
            "require": {
                "ext-curl": "*",
                "php": ">=5.3.3",
                "symfony/event-dispatcher": ">=2.1"
            },
            "replace": {
                "guzzle/batch": "self.version",
                "guzzle/cache": "self.version",
                "guzzle/common": "self.version",
                "guzzle/http": "self.version",
                "guzzle/inflection": "self.version",
                "guzzle/iterator": "self.version",
                "guzzle/log": "self.version",
                "guzzle/parser": "self.version",
                "guzzle/plugin": "self.version",
                "guzzle/plugin-async": "self.version",
                "guzzle/plugin-backoff": "self.version",
                "guzzle/plugin-cache": "self.version",
                "guzzle/plugin-cookie": "self.version",
                "guzzle/plugin-curlauth": "self.version",
                "guzzle/plugin-error-response": "self.version",
                "guzzle/plugin-history": "self.version",
                "guzzle/plugin-log": "self.version",
                "guzzle/plugin-md5": "self.version",
                "guzzle/plugin-mock": "self.version",
                "guzzle/plugin-oauth": "self.version",
                "guzzle/service": "self.version",
                "guzzle/stream": "self.version"
            },
            "require-dev": {
                "doctrine/cache": "*",
                "monolog/monolog": "1.*",
                "phpunit/phpunit": "3.7.*",
                "psr/log": "1.0.*",
                "symfony/class-loader": "*",
                "zendframework/zend-cache": "<2.3",
                "zendframework/zend-log": "<2.3"
            },
            "type": "library",
            "extra": {
                "branch-alias": {
                    "dev-master": "3.8-dev"
                }
            },
            "autoload": {
                "psr-0": {
                    "Guzzle": "src/",
                    "Guzzle\\Tests": "tests/"
                }
            },
            "notification-url": "https://packagist.org/downloads/",
            "license": [
                "MIT"
            ],
            "authors": [
                {
                    "name": "Michael Dowling",
                    "email": "mtdowling@gmail.com",
                    "homepage": "https://github.com/mtdowling"
                },
                {
                    "name": "Guzzle Community",
                    "homepage": "https://github.com/guzzle/guzzle/contributors"
                }
            ],
            "description": "Guzzle is a PHP HTTP client library and framework for building RESTful web service clients",
            "homepage": "http://guzzlephp.org/",
            "keywords": [
                "client",
                "curl",
                "framework",
                "http",
                "http client",
                "rest",
                "web service"
            ],
            "time": "2014-01-28 22:29:15"
        },
        {
            "name": "phpmailer/phpmailer",
            "version": "dev-master",
            "source": {
                "type": "git",
                "url": "https://github.com/PHPMailer/PHPMailer.git",
                "reference": "34b33d9e3fd5b08fe2d397dca514058162dbf084"
            },
            "dist": {
                "type": "zip",
                "url": "https://api.github.com/repos/PHPMailer/PHPMailer/zipball/34b33d9e3fd5b08fe2d397dca514058162dbf084",
                "reference": "34b33d9e3fd5b08fe2d397dca514058162dbf084",
                "shasum": ""
            },
            "require": {
                "php": ">=5.0.0"
            },
            "require-dev": {
                "phpdocumentor/phpdocumentor": "*",
                "phpunit/phpunit": "4.1.*"
            },
            "type": "library",
            "autoload": {
                "classmap": [
                    "class.phpmailer.php",
                    "class.pop3.php",
                    "class.smtp.php"
                ]
            },
            "notification-url": "https://packagist.org/downloads/",
            "license": [
                "LGPL-2.1"
            ],
            "authors": [
                {
                    "name": "Jim Jagielski",
                    "email": "jimjag@gmail.com"
                },
                {
                    "name": "Marcus Bointon",
                    "email": "phpmailer@synchromedia.co.uk"
                },
                {
                    "name": "Andy Prevost",
                    "email": "codeworxtech@users.sourceforge.net"
                },
                {
                    "name": "Brent R. Matzelle"
                }
            ],
            "description": "PHPMailer is a full-featured email creation and transfer class for PHP",
            "time": "2015-01-09 13:15:29"
        },
        {
            "name": "predictionio/predictionio",
            "version": "v0.6.3",
            "source": {
                "type": "git",
                "url": "https://github.com/PredictionIO/PredictionIO-PHP-SDK.git",
                "reference": "d12f6102ce1a4ea74d22e8789148c0d25c367436"
            },
            "dist": {
                "type": "zip",
                "url": "https://api.github.com/repos/PredictionIO/PredictionIO-PHP-SDK/zipball/d12f6102ce1a4ea74d22e8789148c0d25c367436",
                "reference": "d12f6102ce1a4ea74d22e8789148c0d25c367436",
                "shasum": ""
            },
            "require": {
                "guzzle/guzzle": "~3.8.0",
                "php": ">=5.3.2"
            },
            "require-dev": {
                "symfony/class-loader": "*"
            },
            "type": "library",
            "autoload": {
                "psr-0": {
                    "PredictionIO": "src/"
                }
            },
            "notification-url": "https://packagist.org/downloads/",
            "license": [
                "Apache-2.0"
            ],
            "authors": [
                {
                    "name": "The PredictionIO Team",
                    "email": "help@prediction.io",
                    "homepage": "http://prediction.io"
                }
            ],
            "description": "PredictionIO API PHP Client",
            "homepage": "http://prediction.io",
            "keywords": [
                "prediction",
                "predictionio",
                "recommendation",
                "rest",
                "restful",
                "tappingstone",
                "web service"
            ],
            "time": "2014-02-05 09:26:26"
        },
        {
            "name": "qiniu/qiniu",
            "version": "dev-master",
            "source": {
                "type": "git",
                "url": "https://github.com/hfcorriez/php-qiniu.git",
                "reference": "f819cbe15ef6cdd4c994d5bb9b70184d37fcee71"
            },
            "dist": {
                "type": "zip",
                "url": "https://api.github.com/repos/hfcorriez/php-qiniu/zipball/f819cbe15ef6cdd4c994d5bb9b70184d37fcee71",
                "reference": "f819cbe15ef6cdd4c994d5bb9b70184d37fcee71",
                "shasum": ""
            },
            "require": {
                "php": ">=5.3.9"
            },
            "type": "library",
            "autoload": {
                "psr-0": {
                    "Qiniu": "lib/"
                }
            },
            "notification-url": "https://packagist.org/downloads/",
            "license": [
                "MIT"
            ],
            "authors": [
                {
                    "name": "Corrie Zhao",
                    "email": "hfcorriez@gmail.com",
                    "homepage": "http://feiyang.me"
                }
            ],
            "description": "Qiniu SDK",
            "keywords": [
                "api",
                "cloud storage",
                "qiniu",
                "sdk"
            ],
            "time": "2013-09-10 14:32:15"
        },
        {
            "name": "shark/simple_html_dom",
            "version": "dev-master",
            "source": {
                "type": "git",
                "url": "https://github.com/samacs/simple_html_dom.git",
                "reference": "842b3fc1f9f0c70b8c1b2e93fc451834c42e384d"
            },
            "dist": {
                "type": "zip",
                "url": "https://api.github.com/repos/samacs/simple_html_dom/zipball/842b3fc1f9f0c70b8c1b2e93fc451834c42e384d",
                "reference": "842b3fc1f9f0c70b8c1b2e93fc451834c42e384d",
                "shasum": ""
            },
            "require": {
                "ext-mbstring": "*",
                "php": ">=5.2.4"
            },
            "type": "library",
            "autoload": {
                "classmap": [
                    "simple_html_dom.php"
                ],
                "files": [
                    "simple_html_dom.php"
                ]
            },
            "notification-url": "https://packagist.org/downloads/",
            "authors": [
                {
                    "name": "S.C. Chen",
                    "email": "me578022@gmail.com",
                    "homepage": "http://simplehtmldom.sourceforge.net/"
                }
            ],
            "description": "Simple HTML DOM package.",
            "homepage": "http://simplehtmldom.sourceforge.net/",
            "keywords": [
                "dom",
                "php dom"
            ],
            "time": "2014-10-17 00:16:28"
        },
        {
            "name": "symfony/event-dispatcher",
            "version": "dev-master",
            "target-dir": "Symfony/Component/EventDispatcher",
            "source": {
                "type": "git",
                "url": "https://github.com/symfony/EventDispatcher.git",
                "reference": "c120a7677714cc779f7c2048abb9c8dae94c60c0"
            },
            "dist": {
                "type": "zip",
                "url": "https://api.github.com/repos/symfony/EventDispatcher/zipball/c120a7677714cc779f7c2048abb9c8dae94c60c0",
                "reference": "c120a7677714cc779f7c2048abb9c8dae94c60c0",
                "shasum": ""
            },
            "require": {
                "php": ">=5.5.9"
            },
            "require-dev": {
                "psr/log": "~1.0",
                "symfony/config": "~2.7|~3.0",
                "symfony/dependency-injection": "~2.7|~3.0",
                "symfony/expression-language": "~2.7|~3.0",
                "symfony/stopwatch": "~2.7|~3.0"
            },
            "suggest": {
                "symfony/dependency-injection": "",
                "symfony/http-kernel": ""
            },
            "type": "library",
            "extra": {
                "branch-alias": {
                    "dev-master": "3.0-dev"
                }
            },
            "autoload": {
                "psr-0": {
                    "Symfony\\Component\\EventDispatcher\\": ""
                }
            },
            "notification-url": "https://packagist.org/downloads/",
            "license": [
                "MIT"
            ],
            "authors": [
                {
                    "name": "Symfony Community",
                    "homepage": "http://symfony.com/contributors"
                },
                {
                    "name": "Fabien Potencier",
                    "email": "fabien@symfony.com"
                }
            ],
            "description": "Symfony EventDispatcher Component",
            "homepage": "http://symfony.com",
            "time": "2015-01-16 22:00:38"
        }
    ],
    "packages-dev": [],
    "aliases": [],
    "minimum-stability": "dev",
    "stability-flags": [],
    "prefer-stable": false,
    "platform": {
        "php": ">=5.3.0"
    },
    "platform-dev": []
}
